
Microsoft Visual Studio Solution File, Format Version 12.00
# Visual Studio 14
VisualStudioVersion = 14.0.25420.1
MinimumVisualStudioVersion = 10.0.40219.1
Project("{FAE04EC0-301F-11D3-BF4B-00C04F79EFBC}") = "Gestionale-AgentiASP", "Gestionale-AgentiASP\Gestionale-AgentiASP.csproj", "{FFA6D09A-540D-4991-817A-F7791AE63D02}"
EndProject
Project("{FAE04EC0-301F-11D3-BF4B-00C04F79EFBC}") = "Gestionale-AgentiDAO", "Gestionale-AgentiDAO\Gestionale-AgentiDAO.csproj", "{E468A48A-70F9-42B9-9A6A-118E82DADD0A}"
EndProject
Project("{FAE04EC0-301F-11D3-BF4B-00C04F79EFBC}") = "LibreriaGestionaleAgente", "LibreriaGestionaleAgente\LibreriaGestionaleAgente.csproj", "{5C114049-93CD-41DA-93B8-31BE125C389D}"
EndProject
Global
	GlobalSection(SolutionConfigurationPlatforms) = preSolution
		Debug|Any CPU = Debug|Any CPU
		Release|Any CPU = Release|Any CPU
	EndGlobalSection
	GlobalSection(ProjectConfigurationPlatforms) = postSolution
		{FFA6D09A-540D-4991-817A-F7791AE63D02}.Debug|Any CPU.ActiveCfg = Debug|Any CPU
		{FFA6D09A-540D-4991-817A-F7791AE63D02}.Debug|Any CPU.Build.0 = Debug|Any CPU
		{FFA6D09A-540D-4991-817A-F7791AE63D02}.Release|Any CPU.ActiveCfg = Release|Any CPU
		{FFA6D09A-540D-4991-817A-F7791AE63D02}.Release|Any CPU.Build.0 = Release|Any CPU
		{E468A48A-70F9-42B9-9A6A-118E82DADD0A}.Debug|Any CPU.ActiveCfg = Debug|Any CPU
		{E468A48A-70F9-42B9-9A6A-118E82DADD0A}.Debug|Any CPU.Build.0 = Debug|Any CPU
		{E468A48A-70F9-42B9-9A6A-118E82DADD0A}.Release|Any CPU.ActiveCfg = Release|Any CPU
		{E468A48A-70F9-42B9-9A6A-118E82DADD0A}.Release|Any CPU.Build.0 = Release|Any CPU
		{5C114049-93CD-41DA-93B8-31BE125C389D}.Debug|Any CPU.ActiveCfg = Debug|Any CPU
		{5C114049-93CD-41DA-93B8-31BE125C389D}.Debug|Any CPU.Build.0 = Debug|Any CPU
		{5C114049-93CD-41DA-93B8-31BE125C389D}.Release|Any CPU.ActiveCfg = Release|Any CPU
		{5C114049-93CD-41DA-93B8-31BE125C389D}.Release|Any CPU.Build.0 = Release|Any CPU
	EndGlobalSection
	GlobalSection(SolutionProperties) = preSolution
		HideSolutionNode = FALSE
	EndGlobalSection
EndGlobal
